
Microsoft Visual Studio Solution File, Format Version 12.00
# Visual Studio Version 17
VisualStudioVersion = 17.7.34221.43
MinimumVisualStudioVersion = 10.0.40219.1
Project("{FAE04EC0-301F-11D3-BF4B-00C04F79EFBC}") = "Structural_Pattern_ConsoleApp_Example_1", "Structural_Pattern_ConsoleApp_Example_1\Structural_Pattern_ConsoleApp_Example_1.csproj", "{FC786079-F711-410E-ABF5-16A57180139B}"
EndProject
Project("{FAE04EC0-301F-11D3-BF4B-00C04F79EFBC}") = "Structural_Pattern_ConsoleApp_Example_2", "Structural_Pattern_ConsoleApp_Example_2\Structural_Pattern_ConsoleApp_Example_2.csproj", "{45639384-811D-45D6-8D8E-E8FAE586B4BF}"
EndProject
Global
	GlobalSection(SolutionConfigurationPlatforms) = preSolution
		Debug|Any CPU = Debug|Any CPU
		Release|Any CPU = Release|Any CPU
	EndGlobalSection
	GlobalSection(ProjectConfigurationPlatforms) = postSolution
		{FC786079-F711-410E-ABF5-16A57180139B}.Debug|Any CPU.ActiveCfg = Debug|Any CPU
		{FC786079-F711-410E-ABF5-16A57180139B}.Debug|Any CPU.Build.0 = Debug|Any CPU
		{FC786079-F711-410E-ABF5-16A57180139B}.Release|Any CPU.ActiveCfg = Release|Any CPU
		{FC786079-F711-410E-ABF5-16A57180139B}.Release|Any CPU.Build.0 = Release|Any CPU
		{45639384-811D-45D6-8D8E-E8FAE586B4BF}.Debug|Any CPU.ActiveCfg = Debug|Any CPU
		{45639384-811D-45D6-8D8E-E8FAE586B4BF}.Debug|Any CPU.Build.0 = Debug|Any CPU
		{45639384-811D-45D6-8D8E-E8FAE586B4BF}.Release|Any CPU.ActiveCfg = Release|Any CPU
		{45639384-811D-45D6-8D8E-E8FAE586B4BF}.Release|Any CPU.Build.0 = Release|Any CPU
	EndGlobalSection
	GlobalSection(SolutionProperties) = preSolution
		HideSolutionNode = FALSE
	EndGlobalSection
	GlobalSection(ExtensibilityGlobals) = postSolution
		SolutionGuid = {29F67BBA-07C5-4F17-80C9-EA0D6BC57D06}
	EndGlobalSection
EndGlobal
